
Microsoft Visual Studio Solution File, Format Version 12.00
# Visual Studio Version 17
VisualStudioVersion = 17.2.32505.173
MinimumVisualStudioVersion = 10.0.40219.1
Project("{9A19103F-16F7-4668-BE54-9A1E7A4F7556}") = "RestApi.Api", "RestApi.Api\RestApi.Api.csproj", "{92FF2461-7D80-426D-AD1E-60BAB7EAE256}"
EndProject
Project("{9A19103F-16F7-4668-BE54-9A1E7A4F7556}") = "RestApi.Core", "RestApi.Services\RestApi.Core.csproj", "{127BA3C9-923A-43B0-99A1-40A9A2E933E6}"
EndProject
Project("{FAE04EC0-301F-11D3-BF4B-00C04F79EFBC}") = "RestApi.Infrastructure", "RestApi.Infrastructure\RestApi.Infrastructure.csproj", "{62BF636B-A440-4F3C-8598-C6B50E08A14C}"
EndProject
Project("{FAE04EC0-301F-11D3-BF4B-00C04F79EFBC}") = "RestApi.UnitTests", "RestApi.UnitTests\RestApi.UnitTests.csproj", "{32BBE658-A7D7-4BD1-9346-A2233344E115}"
EndProject
Global
	GlobalSection(SolutionConfigurationPlatforms) = preSolution
		Debug|Any CPU = Debug|Any CPU
		Release|Any CPU = Release|Any CPU
	EndGlobalSection
	GlobalSection(ProjectConfigurationPlatforms) = postSolution
		{92FF2461-7D80-426D-AD1E-60BAB7EAE256}.Debug|Any CPU.ActiveCfg = Debug|Any CPU
		{92FF2461-7D80-426D-AD1E-60BAB7EAE256}.Debug|Any CPU.Build.0 = Debug|Any CPU
		{92FF2461-7D80-426D-AD1E-60BAB7EAE256}.Release|Any CPU.ActiveCfg = Release|Any CPU
		{92FF2461-7D80-426D-AD1E-60BAB7EAE256}.Release|Any CPU.Build.0 = Release|Any CPU
		{127BA3C9-923A-43B0-99A1-40A9A2E933E6}.Debug|Any CPU.ActiveCfg = Debug|Any CPU
		{127BA3C9-923A-43B0-99A1-40A9A2E933E6}.Debug|Any CPU.Build.0 = Debug|Any CPU
		{127BA3C9-923A-43B0-99A1-40A9A2E933E6}.Release|Any CPU.ActiveCfg = Release|Any CPU
		{127BA3C9-923A-43B0-99A1-40A9A2E933E6}.Release|Any CPU.Build.0 = Release|Any CPU
		{62BF636B-A440-4F3C-8598-C6B50E08A14C}.Debug|Any CPU.ActiveCfg = Debug|Any CPU
		{62BF636B-A440-4F3C-8598-C6B50E08A14C}.Debug|Any CPU.Build.0 = Debug|Any CPU
		{62BF636B-A440-4F3C-8598-C6B50E08A14C}.Release|Any CPU.ActiveCfg = Release|Any CPU
		{62BF636B-A440-4F3C-8598-C6B50E08A14C}.Release|Any CPU.Build.0 = Release|Any CPU
		{32BBE658-A7D7-4BD1-9346-A2233344E115}.Debug|Any CPU.ActiveCfg = Debug|Any CPU
		{32BBE658-A7D7-4BD1-9346-A2233344E115}.Debug|Any CPU.Build.0 = Debug|Any CPU
		{32BBE658-A7D7-4BD1-9346-A2233344E115}.Release|Any CPU.ActiveCfg = Release|Any CPU
		{32BBE658-A7D7-4BD1-9346-A2233344E115}.Release|Any CPU.Build.0 = Release|Any CPU
	EndGlobalSection
	GlobalSection(SolutionProperties) = preSolution
		HideSolutionNode = FALSE
	EndGlobalSection
	GlobalSection(ExtensibilityGlobals) = postSolution
		SolutionGuid = {CF8D4C07-A7A7-4160-BBBA-0F07AB4BDB05}
	EndGlobalSection
EndGlobal
